
Microsoft Visual Studio Solution File, Format Version 12.00
# Visual Studio Version 16
VisualStudioVersion = 16.0.30413.136
MinimumVisualStudioVersion = 10.0.40219.1
Project("{9A19103F-16F7-4668-BE54-9A1E7A4F7556}") = "Bank", "Bank\Bank.csproj", "{136A2930-BC48-4F5B-9170-943E29E6178A}"
EndProject
Project("{FAE04EC0-301F-11D3-BF4B-00C04F79EFBC}") = "BankTestFinal", "BankTestFinal\BankTestFinal.csproj", "{47BC3609-2D5E-4215-ADEC-2D655E66C8D1}"
EndProject
Project("{FAE04EC0-301F-11D3-BF4B-00C04F79EFBC}") = "LibraryMessage", "LibraryMessage\LibraryMessage.csproj", "{258BA200-9A07-4C50-8D41-2122D292536F}"
EndProject
Global
	GlobalSection(SolutionConfigurationPlatforms) = preSolution
		Debug|Any CPU = Debug|Any CPU
		Release|Any CPU = Release|Any CPU
	EndGlobalSection
	GlobalSection(ProjectConfigurationPlatforms) = postSolution
		{136A2930-BC48-4F5B-9170-943E29E6178A}.Debug|Any CPU.ActiveCfg = Debug|Any CPU
		{136A2930-BC48-4F5B-9170-943E29E6178A}.Debug|Any CPU.Build.0 = Debug|Any CPU
		{136A2930-BC48-4F5B-9170-943E29E6178A}.Release|Any CPU.ActiveCfg = Release|Any CPU
		{136A2930-BC48-4F5B-9170-943E29E6178A}.Release|Any CPU.Build.0 = Release|Any CPU
		{47BC3609-2D5E-4215-ADEC-2D655E66C8D1}.Debug|Any CPU.ActiveCfg = Debug|Any CPU
		{47BC3609-2D5E-4215-ADEC-2D655E66C8D1}.Debug|Any CPU.Build.0 = Debug|Any CPU
		{47BC3609-2D5E-4215-ADEC-2D655E66C8D1}.Release|Any CPU.ActiveCfg = Release|Any CPU
		{47BC3609-2D5E-4215-ADEC-2D655E66C8D1}.Release|Any CPU.Build.0 = Release|Any CPU
		{258BA200-9A07-4C50-8D41-2122D292536F}.Debug|Any CPU.ActiveCfg = Debug|Any CPU
		{258BA200-9A07-4C50-8D41-2122D292536F}.Debug|Any CPU.Build.0 = Debug|Any CPU
		{258BA200-9A07-4C50-8D41-2122D292536F}.Release|Any CPU.ActiveCfg = Release|Any CPU
		{258BA200-9A07-4C50-8D41-2122D292536F}.Release|Any CPU.Build.0 = Release|Any CPU
	EndGlobalSection
	GlobalSection(SolutionProperties) = preSolution
		HideSolutionNode = FALSE
	EndGlobalSection
	GlobalSection(ExtensibilityGlobals) = postSolution
		SolutionGuid = {26E8D02E-F89E-4ABE-B662-881E93AEA10E}
	EndGlobalSection
EndGlobal
