
Microsoft Visual Studio Solution File, Format Version 12.00
# Visual Studio Version 16
VisualStudioVersion = 16.0.30523.141
MinimumVisualStudioVersion = 10.0.40219.1
Project("{FAE04EC0-301F-11D3-BF4B-00C04F79EFBC}") = "Application", "Application.csproj", "{81538961-FC3B-4A6F-8A73-8AE8D7902FE8}"
EndProject
Global
	GlobalSection(SolutionConfigurationPlatforms) = preSolution
		Debug|Any CPU = Debug|Any CPU
		Release|Any CPU = Release|Any CPU
	EndGlobalSection
	GlobalSection(ProjectConfigurationPlatforms) = postSolution
		{81538961-FC3B-4A6F-8A73-8AE8D7902FE8}.Debug|Any CPU.ActiveCfg = Debug|Any CPU
		{81538961-FC3B-4A6F-8A73-8AE8D7902FE8}.Debug|Any CPU.Build.0 = Debug|Any CPU
		{81538961-FC3B-4A6F-8A73-8AE8D7902FE8}.Release|Any CPU.ActiveCfg = Release|Any CPU
		{81538961-FC3B-4A6F-8A73-8AE8D7902FE8}.Release|Any CPU.Build.0 = Release|Any CPU
	EndGlobalSection
	GlobalSection(SolutionProperties) = preSolution
		HideSolutionNode = FALSE
	EndGlobalSection
	GlobalSection(ExtensibilityGlobals) = postSolution
		SolutionGuid = {4FFEC9EF-91CA-47BC-9313-40D8DEB7EE87}
	EndGlobalSection
EndGlobal
